// !$*UTF8*$!
{
	archiveVersion = 1;
	classes = {
	};
	objectVersion = 46;
	objects = {

/* Begin PBXBuildFile section */
		4DE950E21B4B26EB009FAC07 /* AppDelegate.swift in Sources */ = {isa = PBXBuildFile; fileRef = 4DE950E11B4B26EB009FAC07 /* AppDelegate.swift */; };
		4DE950E41B4B26EB009FAC07 /* MasterViewController.swift in Sources */ = {isa = PBXBuildFile; fileRef = 4DE950E31B4B26EB009FAC07 /* MasterViewController.swift */; };
		4DE950E61B4B26EB009FAC07 /* DetailViewController.swift in Sources */ = {isa = PBXBuildFile; fileRef = 4DE950E51B4B26EB009FAC07 /* DetailViewController.swift */; };
		4DE950E91B4B26EB009FAC07 /* Main.storyboard in Resources */ = {isa = PBXBuildFile; fileRef = 4DE950E71B4B26EB009FAC07 /* Main.storyboard */; };
		4DE950EB1B4B26EB009FAC07 /* Images.xcassets in Resources */ = {isa = PBXBuildFile; fileRef = 4DE950EA1B4B26EB009FAC07 /* Images.xcassets */; };
		4DE950EE1B4B26EB009FAC07 /* LaunchScreen.xib in Resources */ = {isa = PBXBuildFile; fileRef = 4DE950EC1B4B26EB009FAC07 /* LaunchScreen.xib */; };
		4DE950FA1B4B26EB009FAC07 /* NoteTests.swift in Sources */ = {isa = PBXBuildFile; fileRef = 4DE950F91B4B26EB009FAC07 /* NoteTests.swift */; };
		4DE951041B4B2942009FAC07 /* Note.swift in Sources */ = {isa = PBXBuildFile; fileRef = 4DE951031B4B2942009FAC07 /* Note.swift */; };
/* End PBXBuildFile section */

/* Begin PBXContainerItemProxy section */
		4DE950F41B4B26EB009FAC07 /* PBXContainerItemProxy */ = {
			isa = PBXContainerItemProxy;
			containerPortal = 4DE950D41B4B26EB009FAC07 /* Project object */;
			proxyType = 1;
			remoteGlobalIDString = 4DE950DB1B4B26EB009FAC07;
			remoteInfo = Note;
		};
/* End PBXContainerItemProxy section */

/* Begin PBXFileReference section */
		4DE950DC1B4B26EB009FAC07 /* Note.app */ = {isa = PBXFileReference; explicitFileType = wrapper.application; includeInIndex = 0; path = Note.app; sourceTree = BUILT_PRODUCTS_DIR; };
		4DE950E01B4B26EB009FAC07 /* Info.plist */ = {isa = PBXFileReference; lastKnownFileType = text.plist.xml; path = Info.plist; sourceTree = "<group>"; };
		4DE950E11B4B26EB009FAC07 /* AppDelegate.swift */ = {isa = PBXFileReference; lastKnownFileType = sourcecode.swift; path = AppDelegate.swift; sourceTree = "<group>"; };
		4DE950E31B4B26EB009FAC07 /* MasterViewController.swift */ = {isa = PBXFileReference; lastKnownFileType = sourcecode.swift; path = MasterViewController.swift; sourceTree = "<group>"; };
		4DE950E51B4B26EB009FAC07 /* DetailViewController.swift */ = {isa = PBXFileReference; lastKnownFileType = sourcecode.swift; path = DetailViewController.swift; sourceTree = "<group>"; };
		4DE950E81B4B26EB009FAC07 /* Base */ = {isa = PBXFileReference; lastKnownFileType = file.storyboard; name = Base; path = Base.lproj/Main.storyboard; sourceTree = "<group>"; };
		4DE950EA1B4B26EB009FAC07 /* Images.xcassets */ = {isa = PBXFileReference; lastKnownFileType = folder.assetcatalog; path = Images.xcassets; sourceTree = "<group>"; };
		4DE950ED1B4B26EB009FAC07 /* Base */ = {isa = PBXFileReference; lastKnownFileType = file.xib; name = Base; path = Base.lproj/LaunchScreen.xib; sourceTree = "<group>"; };
		4DE950F31B4B26EB009FAC07 /* NoteTests.xctest */ = {isa = PBXFileReference; explicitFileType = wrapper.cfbundle; includeInIndex = 0; path = NoteTests.xctest; sourceTree = BUILT_PRODUCTS_DIR; };
		4DE950F81B4B26EB009FAC07 /* Info.plist */ = {isa = PBXFileReference; lastKnownFileType = text.plist.xml; path = Info.plist; sourceTree = "<group>"; };
		4DE950F91B4B26EB009FAC07 /* NoteTests.swift */ = {isa = PBXFileReference; lastKnownFileType = sourcecode.swift; path = NoteTests.swift; sourceTree = "<group>"; };
		4DE951031B4B2942009FAC07 /* Note.swift */ = {isa = PBXFileReference; fileEncoding = 4; lastKnownFileType = sourcecode.swift; path = Note.swift; sourceTree = "<group>"; };
/* End PBXFileReference section */

/* Begin PBXFrameworksBuildPhase section */
		4DE950D91B4B26EB009FAC07 /* Frameworks */ = {
			isa = PBXFrameworksBuildPhase;
			buildActionMask = 2147483647;
			files = (
			);
			runOnlyForDeploymentPostprocessing = 0;
		};
		4DE950F01B4B26EB009FAC07 /* Frameworks */ = {
			isa = PBXFrameworksBuildPhase;
			buildActionMask = 2147483647;
			files = (
			);
			runOnlyForDeploymentPostprocessing = 0;
		};
/* End PBXFrameworksBuildPhase section */

/* Begin PBXGroup section */
		4DE950D31B4B26EB009FAC07 = {
			isa = PBXGroup;
			children = (
				4DE950DE1B4B26EB009FAC07 /* Note */,
				4DE950F61B4B26EB009FAC07 /* NoteTests */,
				4DE950DD1B4B26EB009FAC07 /* Products */,
			);
			sourceTree = "<group>";
		};
		4DE950DD1B4B26EB009FAC07 /* Products */ = {
			isa = PBXGroup;
			children = (
				4DE950DC1B4B26EB009FAC07 /* Note.app */,
				4DE950F31B4B26EB009FAC07 /* NoteTests.xctest */,
			);
			name = Products;
			sourceTree = "<group>";
		};
		4DE950DE1B4B26EB009FAC07 /* Note */ = {
			isa = PBXGroup;
			children = (
				4DE950E11B4B26EB009FAC07 /* AppDelegate.swift */,
				4DE950E31B4B26EB009FAC07 /* MasterViewController.swift */,
				4DE950E51B4B26EB009FAC07 /* DetailViewController.swift */,
				4DE951031B4B2942009FAC07 /* Note.swift */,
				4DE950E71B4B26EB009FAC07 /* Main.storyboard */,
				4DE950EA1B4B26EB009FAC07 /* Images.xcassets */,
				4DE950EC1B4B26EB009FAC07 /* LaunchScreen.xib */,
				4DE950DF1B4B26EB009FAC07 /* Supporting Files */,
			);
			path = Note;
			sourceTree = "<group>";
		};
		4DE950DF1B4B26EB009FAC07 /* Supporting Files */ = {
			isa = PBXGroup;
			children = (
				4DE950E01B4B26EB009FAC07 /* Info.plist */,
			);
			name = "Supporting Files";
			sourceTree = "<group>";
		};
		4DE950F61B4B26EB009FAC07 /* NoteTests */ = {
			isa = PBXGroup;
			children = (
				4DE950F91B4B26EB009FAC07 /* NoteTests.swift */,
				4DE950F71B4B26EB009FAC07 /* Supporting Files */,
			);
			path = NoteTests;
			sourceTree = "<group>";
		};
		4DE950F71B4B26EB009FAC07 /* Supporting Files */ = {
			isa = PBXGroup;
			children = (
				4DE950F81B4B26EB009FAC07 /* Info.plist */,
			);
			name = "Supporting Files";
			sourceTree = "<group>";
		};
/* End PBXGroup section */

/* Begin PBXNativeTarget section */
		4DE950DB1B4B26EB009FAC07 /* Note */ = {
			isa = PBXNativeTarget;
			buildConfigurationList = 4DE950FD1B4B26EB009FAC07 /* Build configuration list for PBXNativeTarget "Note" */;
			buildPhases = (
				4DE950D81B4B26EB009FAC07 /* Sources */,
				4DE950D91B4B26EB009FAC07 /* Frameworks */,
				4DE950DA1B4B26EB009FAC07 /* Resources */,
			);
			buildRules = (
			);
			dependencies = (
			);
			name = Note;
			productName = Note;
			productReference = 4DE950DC1B4B26EB009FAC07 /* Note.app */;
			productType = "com.apple.product-type.application";
		};
		4DE950F21B4B26EB009FAC07 /* NoteTests */ = {
			isa = PBXNativeTarget;
			buildConfigurationList = 4DE951001B4B26EB009FAC07 /* Build configuration list for PBXNativeTarget "NoteTests" */;
			buildPhases = (
				4DE950EF1B4B26EB009FAC07 /* Sources */,
				4DE950F01B4B26EB009FAC07 /* Frameworks */,
				4DE950F11B4B26EB009FAC07 /* Resources */,
			);
			buildRules = (
			);
			dependencies = (
				4DE950F51B4B26EB009FAC07 /* PBXTargetDependency */,
			);
			name = NoteTests;
			productName = NoteTests;
			productReference = 4DE950F31B4B26EB009FAC07 /* NoteTests.xctest */;
			productType = "com.apple.product-type.bundle.unit-test";
		};
/* End PBXNativeTarget section */

/* Begin PBXProject section */
		4DE950D41B4B26EB009FAC07 /* Project object */ = {
			isa = PBXProject;
			attributes = {
				LastUpgradeCheck = 0630;
				ORGANIZATIONNAME = Raymond;
				TargetAttributes = {
					4DE950DB1B4B26EB009FAC07 = {
						CreatedOnToolsVersion = 6.3.2;
					};
					4DE950F21B4B26EB009FAC07 = {
						CreatedOnToolsVersion = 6.3.2;
						TestTargetID = 4DE950DB1B4B26EB009FAC07;
					};
				};
			};
			buildConfigurationList = 4DE950D71B4B26EB009FAC07 /* Build configuration list for PBXProject "Note" */;
			compatibilityVersion = "Xcode 3.2";
			developmentRegion = English;
			hasScannedForEncodings = 0;
			knownRegions = (
				en,
				Base,
			);
			mainGroup = 4DE950D31B4B26EB009FAC07;
			productRefGroup = 4DE950DD1B4B26EB009FAC07 /* Products */;
			projectDirPath = "";
			projectRoot = "";
			targets = (
				4DE950DB1B4B26EB009FAC07 /* Note */,
				4DE950F21B4B26EB009FAC07 /* NoteTests */,
			);
		};
/* End PBXProject section */

/* Begin PBXResourcesBuildPhase section */
		4DE950DA1B4B26EB009FAC07 /* Resources */ = {
			isa = PBXResourcesBuildPhase;
			buildActionMask = 2147483647;
			files = (
				4DE950E91B4B26EB009FAC07 /* Main.storyboard in Resources */,
				4DE950EE1B4B26EB009FAC07 /* LaunchScreen.xib in Resources */,
				4DE950EB1B4B26EB009FAC07 /* Images.xcassets in Resources */,
			);
			runOnlyForDeploymentPostprocessing = 0;
		};
		4DE950F11B4B26EB009FAC07 /* Resources */ = {
			isa = PBXResourcesBuildPhase;
			buildActionMask = 2147483647;
			files = (
			);
			runOnlyForDeploymentPostprocessing = 0;
		};
/* End PBXResourcesBuildPhase section */

/* Begin PBXSourcesBuildPhase section */
		4DE950D81B4B26EB009FAC07 /* Sources */ = {
			isa = PBXSourcesBuildPhase;
			buildActionMask = 2147483647;
			files = (
				4DE950E61B4B26EB009FAC07 /* DetailViewController.swift in Sources */,
				4DE950E41B4B26EB009FAC07 /* MasterViewController.swift in Sources */,
				4DE950E21B4B26EB009FAC07 /* AppDelegate.swift in Sources */,
				4DE951041B4B2942009FAC07 /* Note.swift in Sources */,
			);
			runOnlyForDeploymentPostprocessing = 0;
		};
		4DE950EF1B4B26EB009FAC07 /* Sources */ = {
			isa = PBXSourcesBuildPhase;
			buildActionMask = 2147483647;
			files = (
				4DE950FA1B4B26EB009FAC07 /* NoteTests.swift in Sources */,
			);
			runOnlyForDeploymentPostprocessing = 0;
		};
/* End PBXSourcesBuildPhase section */

/* Begin PBXTargetDependency section */
		4DE950F51B4B26EB009FAC07 /* PBXTargetDependency */ = {
			isa = PBXTargetDependency;
			target = 4DE950DB1B4B26EB009FAC07 /* Note */;
			targetProxy = 4DE950F41B4B26EB009FAC07 /* PBXContainerItemProxy */;
		};
/* End PBXTargetDependency section */

/* Begin PBXVariantGroup section */
		4DE950E71B4B26EB009FAC07 /* Main.storyboard */ = {
			isa = PBXVariantGroup;
			children = (
				4DE950E81B4B26EB009FAC07 /* Base */,
			);
			name = Main.storyboard;
			sourceTree = "<group>";
		};
		4DE950EC1B4B26EB009FAC07 /* LaunchScreen.xib */ = {
			isa = PBXVariantGroup;
			children = (
				4DE950ED1B4B26EB009FAC07 /* Base */,
			);
			name = LaunchScreen.xib;
			sourceTree = "<group>";
		};
/* End PBXVariantGroup section */

/* Begin XCBuildConfiguration section */
		4DE950FB1B4B26EB009FAC07 /* Debug */ = {
			isa = XCBuildConfiguration;
			buildSettings = {
				ALWAYS_SEARCH_USER_PATHS = NO;
				CLANG_CXX_LANGUAGE_STANDARD = "gnu++0x";
				CLANG_CXX_LIBRARY = "libc++";
				CLANG_ENABLE_MODULES = YES;
				CLANG_ENABLE_OBJC_ARC = YES;
				CLANG_WARN_BOOL_CONVERSION = YES;
				CLANG_WARN_CONSTANT_CONVERSION = YES;
				CLANG_WARN_DIRECT_OBJC_ISA_USAGE = YES_ERROR;
				CLANG_WARN_EMPTY_BODY = YES;
				CLANG_WARN_ENUM_CONVERSION = YES;
				CLANG_WARN_INT_CONVERSION = YES;
				CLANG_WARN_OBJC_ROOT_CLASS = YES_ERROR;
				CLANG_WARN_UNREACHABLE_CODE = YES;
				CLANG_WARN__DUPLICATE_METHOD_MATCH = YES;
				"CODE_SIGN_IDENTITY[sdk=iphoneos*]" = "iPhone Developer";
				COPY_PHASE_STRIP = NO;
				DEBUG_INFORMATION_FORMAT = "dwarf-with-dsym";
				ENABLE_STRICT_OBJC_MSGSEND = YES;
				GCC_C_LANGUAGE_STANDARD = gnu99;
				GCC_DYNAMIC_NO_PIC = NO;
				GCC_NO_COMMON_BLOCKS = YES;
				GCC_OPTIMIZATION_LEVEL = 0;
				GCC_PREPROCESSOR_DEFINITIONS = (
					"DEBUG=1",
					"$(inherited)",
				);
				GCC_SYMBOLS_PRIVATE_EXTERN = NO;
				GCC_WARN_64_TO_32_BIT_CONVERSION = YES;
				GCC_WARN_ABOUT_RETURN_TYPE = YES_ERROR;
				GCC_WARN_UNDECLARED_SELECTOR = YES;
				GCC_WARN_UNINITIALIZED_AUTOS = YES_AGGRESSIVE;
				GCC_WARN_UNUSED_FUNCTION = YES;
				GCC_WARN_UNUSED_VARIABLE = YES;
				IPHONEOS_DEPLOYMENT_TARGET = 8.3;
				MTL_ENABLE_DEBUG_INFO = YES;
				ONLY_ACTIVE_ARCH = YES;
				SDKROOT = iphoneos;
				SWIFT_OPTIMIZATION_LEVEL = "-Onone";
			};
			name = Debug;
		};
		4DE950FC1B4B26EB009FAC07 /* Release */ = {
			isa = XCBuildConfiguration;
			buildSettings = {
				ALWAYS_SEARCH_USER_PATHS = NO;
				CLANG_CXX_LANGUAGE_STANDARD = "gnu++0x";
				CLANG_CXX_LIBRARY = "libc++";
				CLANG_ENABLE_MODULES = YES;
				CLANG_ENABLE_OBJC_ARC = YES;
				CLANG_WARN_BOOL_CONVERSION = YES;
				CLANG_WARN_CONSTANT_CONVERSION = YES;
				CLANG_WARN_DIRECT_OBJC_ISA_USAGE = YES_ERROR;
				CLANG_WARN_EMPTY_BODY = YES;
				CLANG_WARN_ENUM_CONVERSION = YES;
				CLANG_WARN_INT_CONVERSION = YES;
				CLANG_WARN_OBJC_ROOT_CLASS = YES_ERROR;
				CLANG_WARN_UNREACHABLE_CODE = YES;
				CLANG_WARN__DUPLICATE_METHOD_MATCH = YES;
				"CODE_SIGN_IDENTITY[sdk=iphoneos*]" = "iPhone Developer";
				COPY_PHASE_STRIP = NO;
				DEBUG_INFORMATION_FORMAT = "dwarf-with-dsym";
				ENABLE_NS_ASSERTIONS = NO;
				ENABLE_STRICT_OBJC_MSGSEND = YES;
				GCC_C_LANGUAGE_STANDARD = gnu99;
				GCC_NO_COMMON_BLOCKS = YES;
				GCC_WARN_64_TO_32_BIT_CONVERSION = YES;
				GCC_WARN_ABOUT_RETURN_TYPE = YES_ERROR;
				GCC_WARN_UNDECLARED_SELECTOR = YES;
				GCC_WARN_UNINITIALIZED_AUTOS = YES_AGGRESSIVE;
				GCC_WARN_UNUSED_FUNCTION = YES;
				GCC_WARN_UNUSED_VARIABLE = YES;
				IPHONEOS_DEPLOYMENT_TARGET = 8.3;
				MTL_ENABLE_DEBUG_INFO = NO;
				SDKROOT = iphoneos;
				VALIDATE_PRODUCT = YES;
			};
			name = Release;
		};
		4DE950FE1B4B26EB009FAC07 /* Debug */ = {
			isa = XCBuildConfiguration;
			buildSettings = {
				ASSETCATALOG_COMPILER_APPICON_NAME = AppIcon;
				INFOPLIST_FILE = Note/Info.plist;
				IPHONEOS_DEPLOYMENT_TARGET = 8.1;
				LD_RUNPATH_SEARCH_PATHS = "$(inherited) @executable_path/Frameworks";
				PRODUCT_NAME = "$(TARGET_NAME)";
			};
			name = Debug;
		};
		4DE950FF1B4B26EB009FAC07 /* Release */ = {
			isa = XCBuildConfiguration;
			buildSettings = {
				ASSETCATALOG_COMPILER_APPICON_NAME = AppIcon;
				INFOPLIST_FILE = Note/Info.plist;
				IPHONEOS_DEPLOYMENT_TARGET = 8.1;
				LD_RUNPATH_SEARCH_PATHS = "$(inherited) @executable_path/Frameworks";
				PRODUCT_NAME = "$(TARGET_NAME)";
			};
			name = Release;
		};
		4DE951011B4B26EB009FAC07 /* Debug */ = {
			isa = XCBuildConfiguration;
			buildSettings = {
				BUNDLE_LOADER = "$(TEST_HOST)";
				FRAMEWORK_SEARCH_PATHS = (
					"$(SDKROOT)/Developer/Library/Frameworks",
					"$(inherited)",
				);
				GCC_PREPROCESSOR_DEFINITIONS = (
					"DEBUG=1",
					"$(inherited)",
				);
				INFOPLIST_FILE = NoteTests/Info.plist;
				LD_RUNPATH_SEARCH_PATHS = "$(inherited) @executable_path/Frameworks @loader_path/Frameworks";
				PRODUCT_NAME = "$(TARGET_NAME)";
				TEST_HOST = "$(BUILT_PRODUCTS_DIR)/Note.app/Note";
			};
			name = Debug;
		};
		4DE951021B4B26EB009FAC07 /* Release */ = {
			isa = XCBuildConfiguration;
			buildSettings = {
				BUNDLE_LOADER = "$(TEST_HOST)";
				FRAMEWORK_SEARCH_PATHS = (
					"$(SDKROOT)/Developer/Library/Frameworks",
					"$(inherited)",
				);
				INFOPLIST_FILE = NoteTests/Info.plist;
				LD_RUNPATH_SEARCH_PATHS = "$(inherited) @executable_path/Frameworks @loader_path/Frameworks";
				PRODUCT_NAME = "$(TARGET_NAME)";
				TEST_HOST = "$(BUILT_PRODUCTS_DIR)/Note.app/Note";
			};
			name = Release;
		};
/* End XCBuildConfiguration section */

/* Begin XCConfigurationList section */
		4DE950D71B4B26EB009FAC07 /* Build configuration list for PBXProject "Note" */ = {
			isa = XCConfigurationList;
			buildConfigurations = (
				4DE950FB1B4B26EB009FAC07 /* Debug */,
				4DE950FC1B4B26EB009FAC07 /* Release */,
			);
			defaultConfigurationIsVisible = 0;
			defaultConfigurationName = Release;
		};
		4DE950FD1B4B26EB009FAC07 /* Build configuration list for PBXNativeTarget "Note" */ = {
			isa = XCConfigurationList;
			buildConfigurations = (
				4DE950FE1B4B26EB009FAC07 /* Debug */,
				4DE950FF1B4B26EB009FAC07 /* Release */,
			);
			defaultConfigurationIsVisible = 0;
		};
		4DE951001B4B26EB009FAC07 /* Build configuration list for PBXNativeTarget "NoteTests" */ = {
			isa = XCConfigurationList;
			buildConfigurations = (
				4DE951011B4B26EB009FAC07 /* Debug */,
				4DE951021B4B26EB009FAC07 /* Release */,
			);
			defaultConfigurationIsVisible = 0;
		};
/* End XCConfigurationList section */
	};
	rootObject = 4DE950D41B4B26EB009FAC07 /* Project object */;
}
